PODS:
  - composeApp (1.0-SNAPSHOT):
    - GoogleMaps (= 10.3.0)
    - LoremIpsum (= 1.0)
  - GoogleMaps (10.3.0):
    - GoogleMaps/Maps (= 10.3.0)
  - GoogleMaps/Maps (10.3.0)
  - LoremIpsum (1.0.0)

DEPENDENCIES:
  - composeApp (from `../composeApp`)

SPEC REPOS:
  trunk:
    - GoogleMaps
    - LoremIpsum

EXTERNAL SOURCES:
  composeApp:
    :path: "../composeApp"

SPEC CHECKSUMS:
  composeApp: 78f734bed759b657975c0f9c9c5686c3efc7210c
  GoogleMaps: 197af8911284ddf36db063c74faee4c4ab15e9d9
  LoremIpsum: 9029c55d36501b2ee0b05cc9ecda11d3a0479160

PODFILE CHECKSUM: 4cd416da3d21d86625a8d4558f1d10d6a1c5e370

COCOAPODS: 1.16.2
