PODS:
  - composeApp (1.0-SNAPSHOT):
    - GoogleMaps (= 10.3.0)
    - LoremIpsum (= 2.0.0)
  - GoogleMaps (10.3.0):
    - GoogleMaps/Maps (= 10.3.0)
  - GoogleMaps/Maps (10.3.0)
  - LoremIpsum (2.0.0)

DEPENDENCIES:
  - composeApp (from `../composeApp`)

SPEC REPOS:
  trunk:
    - GoogleMaps
    - LoremIpsum

EXTERNAL SOURCES:
  composeApp:
    :path: "../composeApp"

SPEC CHECKSUMS:
  composeApp: 36b972df1f1afef82082b5a676ac875d6bb537f7
  GoogleMaps: 197af8911284ddf36db063c74faee4c4ab15e9d9
  LoremIpsum: 25837e6f8f9c63471c23140be3e4c6e1b6743c9e

PODFILE CHECKSUM: 4cd416da3d21d86625a8d4558f1d10d6a1c5e370

COCOAPODS: 1.16.2
